// !$*UTF8*$!
{
	archiveVersion = 1;
	classes = {
	};
	objectVersion = 51;
	objects = {

/* Begin PBXBuildFile section */
		5B02EE9723ED43D6002E6A69 /* AppDelegate.swift in Sources */ = {isa = PBXBuildFile; fileRef = 5B02EE9623ED43D6002E6A69 /* AppDelegate.swift */; };
		5B02EE9923ED43D6002E6A69 /* SceneDelegate.swift in Sources */ = {isa = PBXBuildFile; fileRef = 5B02EE9823ED43D6002E6A69 /* SceneDelegate.swift */; };
		5B02EE9B23ED43D6002E6A69 /* ViewController.swift in Sources */ = {isa = PBXBuildFile; fileRef = 5B02EE9A23ED43D6002E6A69 /* ViewController.swift */; };
		5B02EE9E23ED43D6002E6A69 /* Main.storyboard in Resources */ = {isa = PBXBuildFile; fileRef = 5B02EE9C23ED43D6002E6A69 /* Main.storyboard */; };
		5B02EEA023ED43DB002E6A69 /* Assets.xcassets in Resources */ = {isa = PBXBuildFile; fileRef = 5B02EE9F23ED43DB002E6A69 /* Assets.xcassets */; };
		5B02EEA323ED43DB002E6A69 /* LaunchScreen.storyboard in Resources */ = {isa = PBXBuildFile; fileRef = 5B02EEA123ED43DB002E6A69 /* LaunchScreen.storyboard */; };
		5B39A5B123EDE17C00C5F63F /* mapViewController.swift in Sources */ = {isa = PBXBuildFile; fileRef = 5B39A5B023EDE17C00C5F63F /* mapViewController.swift */; };
		5B39A5B323EDF38300C5F63F /* idk in Resources */ = {isa = PBXBuildFile; fileRef = 5B39A5B223EDF38300C5F63F /* idk */; };
		5B39A5D923EE823600C5F63F /* chooseViewController.swift in Sources */ = {isa = PBXBuildFile; fileRef = 5B39A5D823EE823600C5F63F /* chooseViewController.swift */; };
		5B39A5DB23EE871500C5F63F /* TableViewCell.swift in Sources */ = {isa = PBXBuildFile; fileRef = 5B39A5DA23EE871500C5F63F /* TableViewCell.swift */; };
		5B39A5DD23EE882600C5F63F /* tblViewController.swift in Sources */ = {isa = PBXBuildFile; fileRef = 5B39A5DC23EE882600C5F63F /* tblViewController.swift */; };
		E20799C4B914C0C6C6235958 /* Pods_pickerViewController.framework in Frameworks */ = {isa = PBXBuildFile; fileRef = EA91BAB15204EA22AEC74F60 /* Pods_pickerViewController.framework */; };
/* End PBXBuildFile section */

/* Begin PBXFileReference section */
		5774BAD3C4A9859C76212A5F /* Pods-pickerViewController.debug.xcconfig */ = {isa = PBXFileReference; includeInIndex = 1; lastKnownFileType = text.xcconfig; name = "Pods-pickerViewController.debug.xcconfig"; path = "Target Support Files/Pods-pickerViewController/Pods-pickerViewController.debug.xcconfig"; sourceTree = "<group>"; };
		5B02EE9323ED43D6002E6A69 /* pickerViewController.app */ = {isa = PBXFileReference; explicitFileType = wrapper.application; includeInIndex = 0; path = pickerViewController.app; sourceTree = BUILT_PRODUCTS_DIR; };
		5B02EE9623ED43D6002E6A69 /* AppDelegate.swift */ = {isa = PBXFileReference; lastKnownFileType = sourcecode.swift; path = AppDelegate.swift; sourceTree = "<group>"; };
		5B02EE9823ED43D6002E6A69 /* SceneDelegate.swift */ = {isa = PBXFileReference; lastKnownFileType = sourcecode.swift; path = SceneDelegate.swift; sourceTree = "<group>"; };
		5B02EE9A23ED43D6002E6A69 /* ViewController.swift */ = {isa = PBXFileReference; lastKnownFileType = sourcecode.swift; path = ViewController.swift; sourceTree = "<group>"; };
		5B02EE9D23ED43D6002E6A69 /* Base */ = {isa = PBXFileReference; lastKnownFileType = file.storyboard; name = Base; path = Base.lproj/Main.storyboard; sourceTree = "<group>"; };
		5B02EE9F23ED43DB002E6A69 /* Assets.xcassets */ = {isa = PBXFileReference; lastKnownFileType = folder.assetcatalog; path = Assets.xcassets; sourceTree = "<group>"; };
		5B02EEA223ED43DB002E6A69 /* Base */ = {isa = PBXFileReference; lastKnownFileType = file.storyboard; name = Base; path = Base.lproj/LaunchScreen.storyboard; sourceTree = "<group>"; };
		5B02EEA423ED43DB002E6A69 /* Info.plist */ = {isa = PBXFileReference; lastKnownFileType = text.plist.xml; path = Info.plist; sourceTree = "<group>"; };
		5B39A5B023EDE17C00C5F63F /* mapViewController.swift */ = {isa = PBXFileReference; lastKnownFileType = sourcecode.swift; path = mapViewController.swift; sourceTree = "<group>"; };
		5B39A5B223EDF38300C5F63F /* idk */ = {isa = PBXFileReference; lastKnownFileType = text; path = idk; sourceTree = "<group>"; };
		5B39A5D823EE823600C5F63F /* chooseViewController.swift */ = {isa = PBXFileReference; lastKnownFileType = sourcecode.swift; path = chooseViewController.swift; sourceTree = "<group>"; };
		5B39A5DA23EE871500C5F63F /* TableViewCell.swift */ = {isa = PBXFileReference; lastKnownFileType = sourcecode.swift; path = TableViewCell.swift; sourceTree = "<group>"; };
		5B39A5DC23EE882600C5F63F /* tblViewController.swift */ = {isa = PBXFileReference; lastKnownFileType = sourcecode.swift; path = tblViewController.swift; sourceTree = "<group>"; };
		5D952E693464EBC0B29F4133 /* Pods-pickerViewController.release.xcconfig */ = {isa = PBXFileReference; includeInIndex = 1; lastKnownFileType = text.xcconfig; name = "Pods-pickerViewController.release.xcconfig"; path = "Target Support Files/Pods-pickerViewController/Pods-pickerViewController.release.xcconfig"; sourceTree = "<group>"; };
		EA91BAB15204EA22AEC74F60 /* Pods_pickerViewController.framework */ = {isa = PBXFileReference; explicitFileType = wrapper.framework; includeInIndex = 0; path = Pods_pickerViewController.framework; sourceTree = BUILT_PRODUCTS_DIR; };
/* End PBXFileReference section */

/* Begin PBXFrameworksBuildPhase section */
		5B02EE9023ED43D6002E6A69 /* Frameworks */ = {
			isa = PBXFrameworksBuildPhase;
			buildActionMask = 2147483647;
			files = (
				E20799C4B914C0C6C6235958 /* Pods_pickerViewController.framework in Frameworks */,
			);
			runOnlyForDeploymentPostprocessing = 0;
		};
/* End PBXFrameworksBuildPhase section */

/* Begin PBXGroup section */
		5B02EE8A23ED43D6002E6A69 = {
			isa = PBXGroup;
			children = (
				5B39A5DC23EE882600C5F63F /* tblViewController.swift */,
				5B39A5DA23EE871500C5F63F /* TableViewCell.swift */,
				5B39A5D823EE823600C5F63F /* chooseViewController.swift */,
				5B39A5B223EDF38300C5F63F /* idk */,
				5B02EE9523ED43D6002E6A69 /* pickerViewController */,
				F1EDBA668B9B4E427EDB1BA5 /* Pods */,
				6E3FD49745BC4EA4DCAD07AC /* Frameworks */,
			);
			sourceTree = "<group>";
		};
		5B02EE9423ED43D6002E6A69 /* Products */ = {
			isa = PBXGroup;
			children = (
				5B02EE9323ED43D6002E6A69 /* pickerViewController.app */,
			);
			name = Products;
			path = ..;
			sourceTree = "<group>";
		};
		5B02EE9523ED43D6002E6A69 /* pickerViewController */ = {
			isa = PBXGroup;
			children = (
				5B02EE9623ED43D6002E6A69 /* AppDelegate.swift */,
				5B02EE9823ED43D6002E6A69 /* SceneDelegate.swift */,
				5B02EE9A23ED43D6002E6A69 /* ViewController.swift */,
				5B39A5B023EDE17C00C5F63F /* mapViewController.swift */,
				5B02EE9423ED43D6002E6A69 /* Products */,
				5B02EE9C23ED43D6002E6A69 /* Main.storyboard */,
				5B02EE9F23ED43DB002E6A69 /* Assets.xcassets */,
				5B02EEA123ED43DB002E6A69 /* LaunchScreen.storyboard */,
				5B02EEA423ED43DB002E6A69 /* Info.plist */,
			);
			path = pickerViewController;
			sourceTree = "<group>";
		};
		6E3FD49745BC4EA4DCAD07AC /* Frameworks */ = {
			isa = PBXGroup;
			children = (
				EA91BAB15204EA22AEC74F60 /* Pods_pickerViewController.framework */,
			);
			name = Frameworks;
			sourceTree = "<group>";
		};
		F1EDBA668B9B4E427EDB1BA5 /* Pods */ = {
			isa = PBXGroup;
			children = (
				5774BAD3C4A9859C76212A5F /* Pods-pickerViewController.debug.xcconfig */,
				5D952E693464EBC0B29F4133 /* Pods-pickerViewController.release.xcconfig */,
			);
			path = Pods;
			sourceTree = "<group>";
		};
/* End PBXGroup section */

/* Begin PBXNativeTarget section */
		5B02EE9223ED43D6002E6A69 /* pickerViewController */ = {
			isa = PBXNativeTarget;
			buildConfigurationList = 5B02EEA723ED43DB002E6A69 /* Build configuration list for PBXNativeTarget "pickerViewController" */;
			buildPhases = (
				E55C006A3B5EF02002263AD1 /* [CP] Check Pods Manifest.lock */,
				5B02EE8F23ED43D6002E6A69 /* Sources */,
				5B02EE9023ED43D6002E6A69 /* Frameworks */,
				5B02EE9123ED43D6002E6A69 /* Resources */,
				A791356D0C9D1676C409F108 /* [CP] Embed Pods Frameworks */,
			);
			buildRules = (
			);
			dependencies = (
			);
			name = pickerViewController;
			productName = pickerViewController;
			productReference = 5B02EE9323ED43D6002E6A69 /* pickerViewController.app */;
			productType = "com.apple.product-type.application";
		};
/* End PBXNativeTarget section */

/* Begin PBXProject section */
		5B02EE8B23ED43D6002E6A69 /* Project object */ = {
			isa = PBXProject;
			attributes = {
				LastSwiftUpdateCheck = 1130;
				LastUpgradeCheck = 1130;
				ORGANIZATIONNAME = "Aaryan Kothari";
				TargetAttributes = {
					5B02EE9223ED43D6002E6A69 = {
						CreatedOnToolsVersion = 11.3.1;
					};
				};
			};
			buildConfigurationList = 5B02EE8E23ED43D6002E6A69 /* Build configuration list for PBXProject "pickerViewController" */;
			compatibilityVersion = "Xcode 9.3";
			developmentRegion = en;
			hasScannedForEncodings = 0;
			knownRegions = (
				en,
				Base,
			);
			mainGroup = 5B02EE8A23ED43D6002E6A69;
			productRefGroup = 5B02EE9423ED43D6002E6A69 /* Products */;
			projectDirPath = "";
			projectRoot = "";
			targets = (
				5B02EE9223ED43D6002E6A69 /* pickerViewController */,
			);
		};
/* End PBXProject section */

/* Begin PBXResourcesBuildPhase section */
		5B02EE9123ED43D6002E6A69 /* Resources */ = {
			isa = PBXResourcesBuildPhase;
			buildActionMask = 2147483647;
			files = (
				5B39A5B323EDF38300C5F63F /* idk in Resources */,
				5B02EEA323ED43DB002E6A69 /* LaunchScreen.storyboard in Resources */,
				5B02EEA023ED43DB002E6A69 /* Assets.xcassets in Resources */,
				5B02EE9E23ED43D6002E6A69 /* Main.storyboard in Resources */,
			);
			runOnlyForDeploymentPostprocessing = 0;
		};
/* End PBXResourcesBuildPhase section */

/* Begin PBXShellScriptBuildPhase section */
		A791356D0C9D1676C409F108 /* [CP] Embed Pods Frameworks */ = {
			isa = PBXShellScriptBuildPhase;
			buildActionMask = 2147483647;
			files = (
			);
			inputFileListPaths = (
				"${PODS_ROOT}/Target Support Files/Pods-pickerViewController/Pods-pickerViewController-frameworks-${CONFIGURATION}-input-files.xcfilelist",
			);
			name = "[CP] Embed Pods Frameworks";
			outputFileListPaths = (
				"${PODS_ROOT}/Target Support Files/Pods-pickerViewController/Pods-pickerViewController-frameworks-${CONFIGURATION}-output-files.xcfilelist",
			);
			runOnlyForDeploymentPostprocessing = 0;
			shellPath = /bin/sh;
			shellScript = "\"${PODS_ROOT}/Target Support Files/Pods-pickerViewController/Pods-pickerViewController-frameworks.sh\"\n";
			showEnvVarsInLog = 0;
		};
		E55C006A3B5EF02002263AD1 /* [CP] Check Pods Manifest.lock */ = {
			isa = PBXShellScriptBuildPhase;
			buildActionMask = 2147483647;
			files = (
			);
			inputFileListPaths = (
			);
			inputPaths = (
				"${PODS_PODFILE_DIR_PATH}/Podfile.lock",
				"${PODS_ROOT}/Manifest.lock",
			);
			name = "[CP] Check Pods Manifest.lock";
			outputFileListPaths = (
			);
			outputPaths = (
				"$(DERIVED_FILE_DIR)/Pods-pickerViewController-checkManifestLockResult.txt",
			);
			runOnlyForDeploymentPostprocessing = 0;
			shellPath = /bin/sh;
			shellScript = "diff \"${PODS_PODFILE_DIR_PATH}/Podfile.lock\" \"${PODS_ROOT}/Manifest.lock\" > /dev/null\nif [ $? != 0 ] ; then\n    # print error to STDERR\n    echo \"error: The sandbox is not in sync with the Podfile.lock. Run 'pod install' or update your CocoaPods installation.\" >&2\n    exit 1\nfi\n# This output is used by Xcode 'outputs' to avoid re-running this script phase.\necho \"SUCCESS\" > \"${SCRIPT_OUTPUT_FILE_0}\"\n";
			showEnvVarsInLog = 0;
		};
/* End PBXShellScriptBuildPhase section */

/* Begin PBXSourcesBuildPhase section */
		5B02EE8F23ED43D6002E6A69 /* Sources */ = {
			isa = PBXSourcesBuildPhase;
			buildActionMask = 2147483647;
			files = (
				5B02EE9B23ED43D6002E6A69 /* ViewController.swift in Sources */,
				5B39A5DD23EE882600C5F63F /* tblViewController.swift in Sources */,
				5B39A5D923EE823600C5F63F /* chooseViewController.swift in Sources */,
				5B02EE9723ED43D6002E6A69 /* AppDelegate.swift in Sources */,
				5B02EE9923ED43D6002E6A69 /* SceneDelegate.swift in Sources */,
				5B39A5B123EDE17C00C5F63F /* mapViewController.swift in Sources */,
				5B39A5DB23EE871500C5F63F /* TableViewCell.swift in Sources */,
			);
			runOnlyForDeploymentPostprocessing = 0;
		};
/* End PBXSourcesBuildPhase section */

/* Begin PBXVariantGroup section */
		5B02EE9C23ED43D6002E6A69 /* Main.storyboard */ = {
			isa = PBXVariantGroup;
			children = (
				5B02EE9D23ED43D6002E6A69 /* Base */,
			);
			name = Main.storyboard;
			sourceTree = "<group>";
		};
		5B02EEA123ED43DB002E6A69 /* LaunchScreen.storyboard */ = {
			isa = PBXVariantGroup;
			children = (
				5B02EEA223ED43DB002E6A69 /* Base */,
			);
			name = LaunchScreen.storyboard;
			sourceTree = "<group>";
		};
/* End PBXVariantGroup section */

/* Begin XCBuildConfiguration section */
		5B02EEA523ED43DB002E6A69 /* Debug */ = {
			isa = XCBuildConfiguration;
			buildSettings = {
				ALWAYS_SEARCH_USER_PATHS = NO;
				CLANG_ANALYZER_NONNULL = YES;
				CLANG_ANALYZER_NUMBER_OBJECT_CONVERSION = YES_AGGRESSIVE;
				CLANG_CXX_LANGUAGE_STANDARD = "gnu++14";
				CLANG_CXX_LIBRARY = "libc++";
				CLANG_ENABLE_MODULES = YES;
				CLANG_ENABLE_OBJC_ARC = YES;
				CLANG_ENABLE_OBJC_WEAK = YES;
				CLANG_WARN_BLOCK_CAPTURE_AUTORELEASING = YES;
				CLANG_WARN_BOOL_CONVERSION = YES;
				CLANG_WARN_COMMA = YES;
				CLANG_WARN_CONSTANT_CONVERSION = YES;
				CLANG_WARN_DEPRECATED_OBJC_IMPLEMENTATIONS = YES;
				CLANG_WARN_DIRECT_OBJC_ISA_USAGE = YES_ERROR;
				CLANG_WARN_DOCUMENTATION_COMMENTS = YES;
				CLANG_WARN_EMPTY_BODY = YES;
				CLANG_WARN_ENUM_CONVERSION = YES;
				CLANG_WARN_INFINITE_RECURSION = YES;
				CLANG_WARN_INT_CONVERSION = YES;
				CLANG_WARN_NON_LITERAL_NULL_CONVERSION = YES;
				CLANG_WARN_OBJC_IMPLICIT_RETAIN_SELF = YES;
				CLANG_WARN_OBJC_LITERAL_CONVERSION = YES;
				CLANG_WARN_OBJC_ROOT_CLASS = YES_ERROR;
				CLANG_WARN_RANGE_LOOP_ANALYSIS = YES;
				CLANG_WARN_STRICT_PROTOTYPES = YES;
				CLANG_WARN_SUSPICIOUS_MOVE = YES;
				CLANG_WARN_UNGUARDED_AVAILABILITY = YES_AGGRESSIVE;
				CLANG_WARN_UNREACHABLE_CODE = YES;
				CLANG_WARN__DUPLICATE_METHOD_MATCH = YES;
				COPY_PHASE_STRIP = NO;
				DEBUG_INFORMATION_FORMAT = dwarf;
				ENABLE_STRICT_OBJC_MSGSEND = YES;
				ENABLE_TESTABILITY = YES;
				GCC_C_LANGUAGE_STANDARD = gnu11;
				GCC_DYNAMIC_NO_PIC = NO;
				GCC_NO_COMMON_BLOCKS = YES;
				GCC_OPTIMIZATION_LEVEL = 0;
				GCC_PREPROCESSOR_DEFINITIONS = (
					"DEBUG=1",
					"$(inherited)",
				);
				GCC_WARN_64_TO_32_BIT_CONVERSION = YES;
				GCC_WARN_ABOUT_RETURN_TYPE = YES_ERROR;
				GCC_WARN_UNDECLARED_SELECTOR = YES;
				GCC_WARN_UNINITIALIZED_AUTOS = YES_AGGRESSIVE;
				GCC_WARN_UNUSED_FUNCTION = YES;
				GCC_WARN_UNUSED_VARIABLE = YES;
				IPHONEOS_DEPLOYMENT_TARGET = 13.2;
				MTL_ENABLE_DEBUG_INFO = INCLUDE_SOURCE;
				MTL_FAST_MATH = YES;
				ONLY_ACTIVE_ARCH = YES;
				SDKROOT = iphoneos;
				SWIFT_ACTIVE_COMPILATION_CONDITIONS = DEBUG;
				SWIFT_OPTIMIZATION_LEVEL = "-Onone";
			};
			name = Debug;
		};
		5B02EEA623ED43DB002E6A69 /* Release */ = {
			isa = XCBuildConfiguration;
			buildSettings = {
				ALWAYS_SEARCH_USER_PATHS = NO;
				CLANG_ANALYZER_NONNULL = YES;
				CLANG_ANALYZER_NUMBER_OBJECT_CONVERSION = YES_AGGRESSIVE;
				CLANG_CXX_LANGUAGE_STANDARD = "gnu++14";
				CLANG_CXX_LIBRARY = "libc++";
				CLANG_ENABLE_MODULES = YES;
				CLANG_ENABLE_OBJC_ARC = YES;
				CLANG_ENABLE_OBJC_WEAK = YES;
				CLANG_WARN_BLOCK_CAPTURE_AUTORELEASING = YES;
				CLANG_WARN_BOOL_CONVERSION = YES;
				CLANG_WARN_COMMA = YES;
				CLANG_WARN_CONSTANT_CONVERSION = YES;
				CLANG_WARN_DEPRECATED_OBJC_IMPLEMENTATIONS = YES;
				CLANG_WARN_DIRECT_OBJC_ISA_USAGE = YES_ERROR;
				CLANG_WARN_DOCUMENTATION_COMMENTS = YES;
				CLANG_WARN_EMPTY_BODY = YES;
				CLANG_WARN_ENUM_CONVERSION = YES;
				CLANG_WARN_INFINITE_RECURSION = YES;
				CLANG_WARN_INT_CONVERSION = YES;
				CLANG_WARN_NON_LITERAL_NULL_CONVERSION = YES;
				CLANG_WARN_OBJC_IMPLICIT_RETAIN_SELF = YES;
				CLANG_WARN_OBJC_LITERAL_CONVERSION = YES;
				CLANG_WARN_OBJC_ROOT_CLASS = YES_ERROR;
				CLANG_WARN_RANGE_LOOP_ANALYSIS = YES;
				CLANG_WARN_STRICT_PROTOTYPES = YES;
				CLANG_WARN_SUSPICIOUS_MOVE = YES;
				CLANG_WARN_UNGUARDED_AVAILABILITY = YES_AGGRESSIVE;
				CLANG_WARN_UNREACHABLE_CODE = YES;
				CLANG_WARN__DUPLICATE_METHOD_MATCH = YES;
				COPY_PHASE_STRIP = NO;
				DEBUG_INFORMATION_FORMAT = "dwarf-with-dsym";
				ENABLE_NS_ASSERTIONS = NO;
				ENABLE_STRICT_OBJC_MSGSEND = YES;
				GCC_C_LANGUAGE_STANDARD = gnu11;
				GCC_NO_COMMON_BLOCKS = YES;
				GCC_WARN_64_TO_32_BIT_CONVERSION = YES;
				GCC_WARN_ABOUT_RETURN_TYPE = YES_ERROR;
				GCC_WARN_UNDECLARED_SELECTOR = YES;
				GCC_WARN_UNINITIALIZED_AUTOS = YES_AGGRESSIVE;
				GCC_WARN_UNUSED_FUNCTION = YES;
				GCC_WARN_UNUSED_VARIABLE = YES;
				IPHONEOS_DEPLOYMENT_TARGET = 13.2;
				MTL_ENABLE_DEBUG_INFO = NO;
				MTL_FAST_MATH = YES;
				SDKROOT = iphoneos;
				SWIFT_COMPILATION_MODE = wholemodule;
				SWIFT_OPTIMIZATION_LEVEL = "-O";
				VALIDATE_PRODUCT = YES;
			};
			name = Release;
		};
		5B02EEA823ED43DB002E6A69 /* Debug */ = {
			isa = XCBuildConfiguration;
			baseConfigurationReference = 5774BAD3C4A9859C76212A5F /* Pods-pickerViewController.debug.xcconfig */;
			buildSettings = {
				ASSETCATALOG_COMPILER_APPICON_NAME = AppIcon;
				CODE_SIGN_STYLE = Automatic;
				DEVELOPMENT_TEAM = F8CHS6PHQS;
				INFOPLIST_FILE = pickerViewController/Info.plist;
				LD_RUNPATH_SEARCH_PATHS = (
					"$(inherited)",
					"@executable_path/Frameworks",
				);
				PRODUCT_BUNDLE_IDENTIFIER = ak.pickerViewController;
				PRODUCT_NAME = "$(TARGET_NAME)";
				SWIFT_VERSION = 5.0;
				TARGETED_DEVICE_FAMILY = "1,2";
			};
			name = Debug;
		};
		5B02EEA923ED43DB002E6A69 /* Release */ = {
			isa = XCBuildConfiguration;
			baseConfigurationReference = 5D952E693464EBC0B29F4133 /* Pods-pickerViewController.release.xcconfig */;
			buildSettings = {
				ASSETCATALOG_COMPILER_APPICON_NAME = AppIcon;
				CODE_SIGN_STYLE = Automatic;
				DEVELOPMENT_TEAM = F8CHS6PHQS;
				INFOPLIST_FILE = pickerViewController/Info.plist;
				LD_RUNPATH_SEARCH_PATHS = (
					"$(inherited)",
					"@executable_path/Frameworks",
				);
				PRODUCT_BUNDLE_IDENTIFIER = ak.pickerViewController;
				PRODUCT_NAME = "$(TARGET_NAME)";
				SWIFT_VERSION = 5.0;
				TARGETED_DEVICE_FAMILY = "1,2";
			};
			name = Release;
		};
/* End XCBuildConfiguration section */

/* Begin XCConfigurationList section */
		5B02EE8E23ED43D6002E6A69 /* Build configuration list for PBXProject "pickerViewController" */ = {
			isa = XCConfigurationList;
			buildConfigurations = (
				5B02EEA523ED43DB002E6A69 /* Debug */,
				5B02EEA623ED43DB002E6A69 /* Release */,
			);
			defaultConfigurationIsVisible = 0;
			defaultConfigurationName = Release;
		};
		5B02EEA723ED43DB002E6A69 /* Build configuration list for PBXNativeTarget "pickerViewController" */ = {
			isa = XCConfigurationList;
			buildConfigurations = (
				5B02EEA823ED43DB002E6A69 /* Debug */,
				5B02EEA923ED43DB002E6A69 /* Release */,
			);
			defaultConfigurationIsVisible = 0;
			defaultConfigurationName = Release;
		};
/* End XCConfigurationList section */
	};
	rootObject = 5B02EE8B23ED43D6002E6A69 /* Project object */;
}
